
Microsoft Visual Studio Solution File, Format Version 12.00
Project("{FAE04EC0-301F-11D3-BF4B-00C04F79EFBC}") = "DeliveryApi", "DeliveryApi\DeliveryApi.csproj", "{8553BE1D-AACA-4FED-A91B-EE4661BF9F77}"
EndProject
Global
	GlobalSection(SolutionConfigurationPlatforms) = preSolution
		Debug|Any CPU = Debug|Any CPU
		Release|Any CPU = Release|Any CPU
	EndGlobalSection
	GlobalSection(ProjectConfigurationPlatforms) = postSolution
		{8553BE1D-AACA-4FED-A91B-EE4661BF9F77}.Debug|Any CPU.ActiveCfg = Debug|Any CPU
		{8553BE1D-AACA-4FED-A91B-EE4661BF9F77}.Debug|Any CPU.Build.0 = Debug|Any CPU
		{8553BE1D-AACA-4FED-A91B-EE4661BF9F77}.Release|Any CPU.ActiveCfg = Release|Any CPU
		{8553BE1D-AACA-4FED-A91B-EE4661BF9F77}.Release|Any CPU.Build.0 = Release|Any CPU
	EndGlobalSection
EndGlobal
